
Microsoft Visual Studio Solution File, Format Version 12.00
# Visual Studio Version 17
VisualStudioVersion = 17.8.34330.188
MinimumVisualStudioVersion = 10.0.40219.1
Project("{FAE04EC0-301F-11D3-BF4B-00C04F79EFBC}") = "Pacman.View", "Pacman\Pacman.View.csproj", "{AD875376-2216-4BFB-A77A-7AC5ECEE4C8A}"
EndProject
Project("{FAE04EC0-301F-11D3-BF4B-00C04F79EFBC}") = "Pacman.Controls", "Pacman.Controls\Pacman.Controls.csproj", "{D6D83C41-5CB6-4E02-A698-9C6D8A00EA43}"
EndProject
Project("{FAE04EC0-301F-11D3-BF4B-00C04F79EFBC}") = "Pacman.Repository", "Pacman.Repository\Pacman.Repository.csproj", "{6D758496-FE19-4040-8A7D-62AB59779E11}"
EndProject
Project("{FAE04EC0-301F-11D3-BF4B-00C04F79EFBC}") = "Pacman.Domain", "Pacman.Domain\Pacman.Domain.csproj", "{02F2A975-D70D-4085-B9E5-6128044C8F00}"
EndProject
Project("{FAE04EC0-301F-11D3-BF4B-00C04F79EFBC}") = "Pacman.Components", "Pacman.Components\Pacman.Components.csproj", "{316233C0-0F55-4F4D-8386-128F8779AA4F}"
EndProject
Global
	GlobalSection(SolutionConfigurationPlatforms) = preSolution
		Debug|Any CPU = Debug|Any CPU
		Release|Any CPU = Release|Any CPU
	EndGlobalSection
	GlobalSection(ProjectConfigurationPlatforms) = postSolution
		{AD875376-2216-4BFB-A77A-7AC5ECEE4C8A}.Debug|Any CPU.ActiveCfg = Debug|Any CPU
		{AD875376-2216-4BFB-A77A-7AC5ECEE4C8A}.Debug|Any CPU.Build.0 = Debug|Any CPU
		{AD875376-2216-4BFB-A77A-7AC5ECEE4C8A}.Release|Any CPU.ActiveCfg = Release|Any CPU
		{AD875376-2216-4BFB-A77A-7AC5ECEE4C8A}.Release|Any CPU.Build.0 = Release|Any CPU
		{D6D83C41-5CB6-4E02-A698-9C6D8A00EA43}.Debug|Any CPU.ActiveCfg = Debug|Any CPU
		{D6D83C41-5CB6-4E02-A698-9C6D8A00EA43}.Debug|Any CPU.Build.0 = Debug|Any CPU
		{D6D83C41-5CB6-4E02-A698-9C6D8A00EA43}.Release|Any CPU.ActiveCfg = Release|Any CPU
		{D6D83C41-5CB6-4E02-A698-9C6D8A00EA43}.Release|Any CPU.Build.0 = Release|Any CPU
		{6D758496-FE19-4040-8A7D-62AB59779E11}.Debug|Any CPU.ActiveCfg = Debug|Any CPU
		{6D758496-FE19-4040-8A7D-62AB59779E11}.Debug|Any CPU.Build.0 = Debug|Any CPU
		{6D758496-FE19-4040-8A7D-62AB59779E11}.Release|Any CPU.ActiveCfg = Release|Any CPU
		{6D758496-FE19-4040-8A7D-62AB59779E11}.Release|Any CPU.Build.0 = Release|Any CPU
		{02F2A975-D70D-4085-B9E5-6128044C8F00}.Debug|Any CPU.ActiveCfg = Debug|Any CPU
		{02F2A975-D70D-4085-B9E5-6128044C8F00}.Debug|Any CPU.Build.0 = Debug|Any CPU
		{02F2A975-D70D-4085-B9E5-6128044C8F00}.Release|Any CPU.ActiveCfg = Release|Any CPU
		{02F2A975-D70D-4085-B9E5-6128044C8F00}.Release|Any CPU.Build.0 = Release|Any CPU
		{316233C0-0F55-4F4D-8386-128F8779AA4F}.Debug|Any CPU.ActiveCfg = Debug|Any CPU
		{316233C0-0F55-4F4D-8386-128F8779AA4F}.Debug|Any CPU.Build.0 = Debug|Any CPU
		{316233C0-0F55-4F4D-8386-128F8779AA4F}.Release|Any CPU.ActiveCfg = Release|Any CPU
		{316233C0-0F55-4F4D-8386-128F8779AA4F}.Release|Any CPU.Build.0 = Release|Any CPU
	EndGlobalSection
	GlobalSection(SolutionProperties) = preSolution
		HideSolutionNode = FALSE
	EndGlobalSection
	GlobalSection(ExtensibilityGlobals) = postSolution
		SolutionGuid = {00635CD1-3673-4256-9F6A-A30DBC8A5DE3}
	EndGlobalSection
EndGlobal
